
Microsoft Visual Studio Solution File, Format Version 12.00
# Visual Studio Version 17
VisualStudioVersion = 17.11.35222.181
MinimumVisualStudioVersion = 10.0.40219.1
Project("{9A19103F-16F7-4668-BE54-9A1E7A4F7556}") = "MegApi", "MegApi\MegApi.csproj", "{B57E385B-2BED-46AC-B871-0FFBAF9D0A28}"
EndProject
Project("{9A19103F-16F7-4668-BE54-9A1E7A4F7556}") = "MegSWSApplication", "MegSWSApplication\MegSWSApplication.csproj", "{2CE0E5E8-0916-41D2-9802-9F96C358E162}"
EndProject
Project("{9A19103F-16F7-4668-BE54-9A1E7A4F7556}") = "OcelotApi", "OcelotApi\OcelotApi.csproj", "{B50CD39F-22ED-4F7A-9193-1FB1CB676420}"
EndProject
Project("{FAE04EC0-301F-11D3-BF4B-00C04F79EFBC}") = "IndustryRegApi", "IndustryRegApi\IndustryRegApi.csproj", "{529931CA-DD93-4200-8D18-9D81B0D807DA}"
EndProject
Project("{FAE04EC0-301F-11D3-BF4B-00C04F79EFBC}") = "HTAS2_Dev", "HTAS2_Dev\HTAS2_Dev.csproj", "{91CFB4E3-D3FF-492C-BEF9-93F4C5C9DDAF}"
EndProject
Global
	GlobalSection(SolutionConfigurationPlatforms) = preSolution
		Debug|Any CPU = Debug|Any CPU
		Release|Any CPU = Release|Any CPU
	EndGlobalSection
	GlobalSection(ProjectConfigurationPlatforms) = postSolution
		{B57E385B-2BED-46AC-B871-0FFBAF9D0A28}.Debug|Any CPU.ActiveCfg = Debug|Any CPU
		{B57E385B-2BED-46AC-B871-0FFBAF9D0A28}.Debug|Any CPU.Build.0 = Debug|Any CPU
		{B57E385B-2BED-46AC-B871-0FFBAF9D0A28}.Release|Any CPU.ActiveCfg = Release|Any CPU
		{B57E385B-2BED-46AC-B871-0FFBAF9D0A28}.Release|Any CPU.Build.0 = Release|Any CPU
		{2CE0E5E8-0916-41D2-9802-9F96C358E162}.Debug|Any CPU.ActiveCfg = Debug|Any CPU
		{2CE0E5E8-0916-41D2-9802-9F96C358E162}.Debug|Any CPU.Build.0 = Debug|Any CPU
		{2CE0E5E8-0916-41D2-9802-9F96C358E162}.Release|Any CPU.ActiveCfg = Release|Any CPU
		{2CE0E5E8-0916-41D2-9802-9F96C358E162}.Release|Any CPU.Build.0 = Release|Any CPU
		{B50CD39F-22ED-4F7A-9193-1FB1CB676420}.Debug|Any CPU.ActiveCfg = Debug|Any CPU
		{B50CD39F-22ED-4F7A-9193-1FB1CB676420}.Debug|Any CPU.Build.0 = Debug|Any CPU
		{B50CD39F-22ED-4F7A-9193-1FB1CB676420}.Release|Any CPU.ActiveCfg = Release|Any CPU
		{B50CD39F-22ED-4F7A-9193-1FB1CB676420}.Release|Any CPU.Build.0 = Release|Any CPU
		{529931CA-DD93-4200-8D18-9D81B0D807DA}.Debug|Any CPU.ActiveCfg = Debug|Any CPU
		{529931CA-DD93-4200-8D18-9D81B0D807DA}.Debug|Any CPU.Build.0 = Debug|Any CPU
		{529931CA-DD93-4200-8D18-9D81B0D807DA}.Release|Any CPU.ActiveCfg = Release|Any CPU
		{529931CA-DD93-4200-8D18-9D81B0D807DA}.Release|Any CPU.Build.0 = Release|Any CPU
		{91CFB4E3-D3FF-492C-BEF9-93F4C5C9DDAF}.Debug|Any CPU.ActiveCfg = Debug|Any CPU
		{91CFB4E3-D3FF-492C-BEF9-93F4C5C9DDAF}.Debug|Any CPU.Build.0 = Debug|Any CPU
		{91CFB4E3-D3FF-492C-BEF9-93F4C5C9DDAF}.Release|Any CPU.ActiveCfg = Release|Any CPU
		{91CFB4E3-D3FF-492C-BEF9-93F4C5C9DDAF}.Release|Any CPU.Build.0 = Release|Any CPU
	EndGlobalSection
	GlobalSection(SolutionProperties) = preSolution
		HideSolutionNode = FALSE
	EndGlobalSection
	GlobalSection(ExtensibilityGlobals) = postSolution
		SolutionGuid = {7A4F0A18-6F66-4DF6-9F99-709366CD40FB}
	EndGlobalSection
EndGlobal
